# THIS IS AN AUTOGENERATED FILE. DO NOT EDIT THIS FILE DIRECTLY.
# yarn lockfile v1


mri@^1.1.0:
  version "1.2.0"
  resolved "https://registry.yarnpkg.com/mri/-/mri-1.2.0.tgz#6721480fec2a11a4889861115a48b6cbe7cc8f0b"
  integrity sha512-tzzskb3bG8LvYGFF/mDTpq3jpI6Q9wc3LEmBaghu+DdCssd1FakN7Bc0hVNmEyGq1bq3RgfkCb3cmQLpNPOroA==

pagecrypt@^5.3.0:
  version "5.3.0"
  resolved "https://registry.yarnpkg.com/pagecrypt/-/pagecrypt-5.3.0.tgz#d6bb4e129e405e5df3dfb412c49b5911f15d342f"
  integrity sha512-2N0IRglSe5KTGIYF9xY3CjfmeXu8yxRlf+HCHpAfP2Qd9N7FVuQ7Q/aA8x8WkCwRHIfu71x64bq9YweVCFlMYA==
  dependencies:
    rfc4648 "^1.5.0"
    sade "^1.7.4"

rfc4648@^1.5.0:
  version "1.5.1"
  resolved "https://registry.yarnpkg.com/rfc4648/-/rfc4648-1.5.1.tgz#b0b16756e33d9de8c0c7833e94b28e627ec372a4"
  integrity sha512-60e/YWs2/D3MV1ErdjhJHcmlgnyLUiG4X/14dgsfm9/zmCWLN16xI6YqJYSCd/OANM7bUNzJqPY5B8/02S9Ibw==

sade@^1.7.4:
  version "1.8.1"
  resolved "https://registry.yarnpkg.com/sade/-/sade-1.8.1.tgz#0a78e81d658d394887be57d2a409bf703a3b2701"
  integrity sha512-xal3CZX1Xlo/k4ApwCFrHVACi9fBqJ7V+mwhBsuf/1IOKbBy098Fex+Wa/5QMubw09pSZ/u8EY8PWgevJsXp1A==
  dependencies:
    mri "^1.1.0"
