# THIS IS AN AUTOGENERATED FILE. DO NOT EDIT THIS FILE DIRECTLY.
# yarn lockfile v1


mri@^1.1.0:
  version "1.2.0"
  resolved "https://registry.yarnpkg.com/mri/-/mri-1.2.0.tgz#6721480fec2a11a4889861115a48b6cbe7cc8f0b"
  integrity sha512-tzzskb3bG8LvYGFF/mDTpq3jpI6Q9wc3LEmBaghu+DdCssd1FakN7Bc0hVNmEyGq1bq3RgfkCb3cmQLpNPOroA==

pagecrypt@^6.1.1:
  version "6.1.1"
  resolved "https://registry.yarnpkg.com/pagecrypt/-/pagecrypt-6.1.1.tgz#7600b3feb0dd3165dba591c1abd58db856dfcd10"
  integrity sha512-ai5VtSxJDWPRJrkWe8IVEPPLMd9OZM6DdmtNNwOxmq/M6Fm/XXuygdlDeSr6T0XTBAk5LQHIGGkHBjR6tfr9iQ==
  dependencies:
    rfc4648 "^1.5.2"
    sade "^1.8.1"

rfc4648@^1.5.2:
  version "1.5.2"
  resolved "https://registry.yarnpkg.com/rfc4648/-/rfc4648-1.5.2.tgz#cf5dac417dd83e7f4debf52e3797a723c1373383"
  integrity sha512-tLOizhR6YGovrEBLatX1sdcuhoSCXddw3mqNVAcKxGJ+J0hFeJ+SjeWCv5UPA/WU3YzWPPuCVYgXBKZUPGpKtg==

sade@^1.8.1:
  version "1.8.1"
  resolved "https://registry.yarnpkg.com/sade/-/sade-1.8.1.tgz#0a78e81d658d394887be57d2a409bf703a3b2701"
  integrity sha512-xal3CZX1Xlo/k4ApwCFrHVACi9fBqJ7V+mwhBsuf/1IOKbBy098Fex+Wa/5QMubw09pSZ/u8EY8PWgevJsXp1A==
  dependencies:
    mri "^1.1.0"
